// !$*UTF8*$!
{
	archiveVersion = 1;
	classes = {
	};
	objectVersion = 46;
	objects = {

/* Begin PBXBuildFile section */
		1FCA7FCA19D90B29004BC9B7 /* Foundation.framework in Frameworks */ = {isa = PBXBuildFile; fileRef = 1FCA7FC919D90B29004BC9B7 /* Foundation.framework */; };
		1FCA7FCC19D90B29004BC9B7 /* CoreGraphics.framework in Frameworks */ = {isa = PBXBuildFile; fileRef = 1FCA7FCB19D90B29004BC9B7 /* CoreGraphics.framework */; };
		1FCA7FCE19D90B29004BC9B7 /* UIKit.framework in Frameworks */ = {isa = PBXBuildFile; fileRef = 1FCA7FCD19D90B29004BC9B7 /* UIKit.framework */; };
		1FCA7FD419D90B29004BC9B7 /* InfoPlist.strings in Resources */ = {isa = PBXBuildFile; fileRef = 1FCA7FD219D90B29004BC9B7 /* InfoPlist.strings */; };
		1FCA7FD619D90B29004BC9B7 /* main.m in Sources */ = {isa = PBXBuildFile; fileRef = 1FCA7FD519D90B29004BC9B7 /* main.m */; };
		1FCA7FDA19D90B29004BC9B7 /* AppDelegate.m in Sources */ = {isa = PBXBuildFile; fileRef = 1FCA7FD919D90B29004BC9B7 /* AppDelegate.m */; };
		1FCA7FDD19D90B29004BC9B7 /* Main.storyboard in Resources */ = {isa = PBXBuildFile; fileRef = 1FCA7FDB19D90B29004BC9B7 /* Main.storyboard */; };
		1FCA7FE019D90B29004BC9B7 /* ViewController.m in Sources */ = {isa = PBXBuildFile; fileRef = 1FCA7FDF19D90B29004BC9B7 /* ViewController.m */; };
		1FCA7FE219D90B29004BC9B7 /* Images.xcassets in Resources */ = {isa = PBXBuildFile; fileRef = 1FCA7FE119D90B29004BC9B7 /* Images.xcassets */; };
		1FCA7FE919D90B29004BC9B7 /* XCTest.framework in Frameworks */ = {isa = PBXBuildFile; fileRef = 1FCA7FE819D90B29004BC9B7 /* XCTest.framework */; };
		1FCA7FEA19D90B29004BC9B7 /* Foundation.framework in Frameworks */ = {isa = PBXBuildFile; fileRef = 1FCA7FC919D90B29004BC9B7 /* Foundation.framework */; };
		1FCA7FEB19D90B29004BC9B7 /* UIKit.framework in Frameworks */ = {isa = PBXBuildFile; fileRef = 1FCA7FCD19D90B29004BC9B7 /* UIKit.framework */; };
		1FCA7FF319D90B29004BC9B7 /* InfoPlist.strings in Resources */ = {isa = PBXBuildFile; fileRef = 1FCA7FF119D90B29004BC9B7 /* InfoPlist.strings */; };
		1FCA7FF519D90B29004BC9B7 /* Web_Comic_ViewerTests.m in Sources */ = {isa = PBXBuildFile; fileRef = 1FCA7FF419D90B29004BC9B7 /* Web_Comic_ViewerTests.m */; };
/* End PBXBuildFile section */

/* Begin PBXContainerItemProxy section */
		1FCA7FEC19D90B29004BC9B7 /* PBXContainerItemProxy */ = {
			isa = PBXContainerItemProxy;
			containerPortal = 1FCA7FBE19D90B29004BC9B7 /* Project object */;
			proxyType = 1;
			remoteGlobalIDString = 1FCA7FC519D90B29004BC9B7;
			remoteInfo = "Web Comic Viewer";
		};
/* End PBXContainerItemProxy section */

/* Begin PBXFileReference section */
		1FCA7FC619D90B29004BC9B7 /* Web Comic Viewer.app */ = {isa = PBXFileReference; explicitFileType = wrapper.application; includeInIndex = 0; path = "Web Comic Viewer.app"; sourceTree = BUILT_PRODUCTS_DIR; };
		1FCA7FC919D90B29004BC9B7 /* Foundation.framework */ = {isa = PBXFileReference; lastKnownFileType = wrapper.framework; name = Foundation.framework; path = System/Library/Frameworks/Foundation.framework; sourceTree = SDKROOT; };
		1FCA7FCB19D90B29004BC9B7 /* CoreGraphics.framework */ = {isa = PBXFileReference; lastKnownFileType = wrapper.framework; name = CoreGraphics.framework; path = System/Library/Frameworks/CoreGraphics.framework; sourceTree = SDKROOT; };
		1FCA7FCD19D90B29004BC9B7 /* UIKit.framework */ = {isa = PBXFileReference; lastKnownFileType = wrapper.framework; name = UIKit.framework; path = System/Library/Frameworks/UIKit.framework; sourceTree = SDKROOT; };
		1FCA7FD119D90B29004BC9B7 /* Web Comic Viewer-Info.plist */ = {isa = PBXFileReference; lastKnownFileType = text.plist.xml; path = "Web Comic Viewer-Info.plist"; sourceTree = "<group>"; };
		1FCA7FD319D90B29004BC9B7 /* en */ = {isa = PBXFileReference; lastKnownFileType = text.plist.strings; name = en; path = en.lproj/InfoPlist.strings; sourceTree = "<group>"; };
		1FCA7FD519D90B29004BC9B7 /* main.m */ = {isa = PBXFileReference; lastKnownFileType = sourcecode.c.objc; path = main.m; sourceTree = "<group>"; };
		1FCA7FD719D90B29004BC9B7 /* Web Comic Viewer-Prefix.pch */ = {isa = PBXFileReference; lastKnownFileType = sourcecode.c.h; path = "Web Comic Viewer-Prefix.pch"; sourceTree = "<group>"; };
		1FCA7FD819D90B29004BC9B7 /* AppDelegate.h */ = {isa = PBXFileReference; lastKnownFileType = sourcecode.c.h; path = AppDelegate.h; sourceTree = "<group>"; };
		1FCA7FD919D90B29004BC9B7 /* AppDelegate.m */ = {isa = PBXFileReference; lastKnownFileType = sourcecode.c.objc; path = AppDelegate.m; sourceTree = "<group>"; };
		1FCA7FDC19D90B29004BC9B7 /* Base */ = {isa = PBXFileReference; lastKnownFileType = file.storyboard; name = Base; path = Base.lproj/Main.storyboard; sourceTree = "<group>"; };
		1FCA7FDE19D90B29004BC9B7 /* ViewController.h */ = {isa = PBXFileReference; lastKnownFileType = sourcecode.c.h; path = ViewController.h; sourceTree = "<group>"; };
		1FCA7FDF19D90B29004BC9B7 /* ViewController.m */ = {isa = PBXFileReference; lastKnownFileType = sourcecode.c.objc; path = ViewController.m; sourceTree = "<group>"; };
		1FCA7FE119D90B29004BC9B7 /* Images.xcassets */ = {isa = PBXFileReference; lastKnownFileType = folder.assetcatalog; path = Images.xcassets; sourceTree = "<group>"; };
		1FCA7FE719D90B29004BC9B7 /* Web Comic ViewerTests.xctest */ = {isa = PBXFileReference; explicitFileType = wrapper.cfbundle; includeInIndex = 0; path = "Web Comic ViewerTests.xctest"; sourceTree = BUILT_PRODUCTS_DIR; };
		1FCA7FE819D90B29004BC9B7 /* XCTest.framework */ = {isa = PBXFileReference; lastKnownFileType = wrapper.framework; name = XCTest.framework; path = Library/Frameworks/XCTest.framework; sourceTree = DEVELOPER_DIR; };
		1FCA7FF019D90B29004BC9B7 /* Web Comic ViewerTests-Info.plist */ = {isa = PBXFileReference; lastKnownFileType = text.plist.xml; path = "Web Comic ViewerTests-Info.plist"; sourceTree = "<group>"; };
		1FCA7FF219D90B29004BC9B7 /* en */ = {isa = PBXFileReference; lastKnownFileType = text.plist.strings; name = en; path = en.lproj/InfoPlist.strings; sourceTree = "<group>"; };
		1FCA7FF419D90B29004BC9B7 /* Web_Comic_ViewerTests.m */ = {isa = PBXFileReference; lastKnownFileType = sourcecode.c.objc; path = Web_Comic_ViewerTests.m; sourceTree = "<group>"; };
/* End PBXFileReference section */

/* Begin PBXFrameworksBuildPhase section */
		1FCA7FC319D90B29004BC9B7 /* Frameworks */ = {
			isa = PBXFrameworksBuildPhase;
			buildActionMask = 2147483647;
			files = (
				1FCA7FCC19D90B29004BC9B7 /* CoreGraphics.framework in Frameworks */,
				1FCA7FCE19D90B29004BC9B7 /* UIKit.framework in Frameworks */,
				1FCA7FCA19D90B29004BC9B7 /* Foundation.framework in Frameworks */,
			);
			runOnlyForDeploymentPostprocessing = 0;
		};
		1FCA7FE419D90B29004BC9B7 /* Frameworks */ = {
			isa = PBXFrameworksBuildPhase;
			buildActionMask = 2147483647;
			files = (
				1FCA7FE919D90B29004BC9B7 /* XCTest.framework in Frameworks */,
				1FCA7FEB19D90B29004BC9B7 /* UIKit.framework in Frameworks */,
				1FCA7FEA19D90B29004BC9B7 /* Foundation.framework in Frameworks */,
			);
			runOnlyForDeploymentPostprocessing = 0;
		};
/* End PBXFrameworksBuildPhase section */

/* Begin PBXGroup section */
		1FCA7FBD19D90B29004BC9B7 = {
			isa = PBXGroup;
			children = (
				1FCA7FCF19D90B29004BC9B7 /* Web Comic Viewer */,
				1FCA7FEE19D90B29004BC9B7 /* Web Comic ViewerTests */,
				1FCA7FC819D90B29004BC9B7 /* Frameworks */,
				1FCA7FC719D90B29004BC9B7 /* Products */,
			);
			sourceTree = "<group>";
		};
		1FCA7FC719D90B29004BC9B7 /* Products */ = {
			isa = PBXGroup;
			children = (
				1FCA7FC619D90B29004BC9B7 /* Web Comic Viewer.app */,
				1FCA7FE719D90B29004BC9B7 /* Web Comic ViewerTests.xctest */,
			);
			name = Products;
			sourceTree = "<group>";
		};
		1FCA7FC819D90B29004BC9B7 /* Frameworks */ = {
			isa = PBXGroup;
			children = (
				1FCA7FC919D90B29004BC9B7 /* Foundation.framework */,
				1FCA7FCB19D90B29004BC9B7 /* CoreGraphics.framework */,
				1FCA7FCD19D90B29004BC9B7 /* UIKit.framework */,
				1FCA7FE819D90B29004BC9B7 /* XCTest.framework */,
			);
			name = Frameworks;
			sourceTree = "<group>";
		};
		1FCA7FCF19D90B29004BC9B7 /* Web Comic Viewer */ = {
			isa = PBXGroup;
			children = (
				1FCA7FD819D90B29004BC9B7 /* AppDelegate.h */,
				1FCA7FD919D90B29004BC9B7 /* AppDelegate.m */,
				1FCA7FDB19D90B29004BC9B7 /* Main.storyboard */,
				1FCA7FDE19D90B29004BC9B7 /* ViewController.h */,
				1FCA7FDF19D90B29004BC9B7 /* ViewController.m */,
				1FCA7FE119D90B29004BC9B7 /* Images.xcassets */,
				1FCA7FD019D90B29004BC9B7 /* Supporting Files */,
			);
			path = "Web Comic Viewer";
			sourceTree = "<group>";
		};
		1FCA7FD019D90B29004BC9B7 /* Supporting Files */ = {
			isa = PBXGroup;
			children = (
				1FCA7FD119D90B29004BC9B7 /* Web Comic Viewer-Info.plist */,
				1FCA7FD219D90B29004BC9B7 /* InfoPlist.strings */,
				1FCA7FD519D90B29004BC9B7 /* main.m */,
				1FCA7FD719D90B29004BC9B7 /* Web Comic Viewer-Prefix.pch */,
			);
			name = "Supporting Files";
			sourceTree = "<group>";
		};
		1FCA7FEE19D90B29004BC9B7 /* Web Comic ViewerTests */ = {
			isa = PBXGroup;
			children = (
				1FCA7FF419D90B29004BC9B7 /* Web_Comic_ViewerTests.m */,
				1FCA7FEF19D90B29004BC9B7 /* Supporting Files */,
			);
			path = "Web Comic ViewerTests";
			sourceTree = "<group>";
		};
		1FCA7FEF19D90B29004BC9B7 /* Supporting Files */ = {
			isa = PBXGroup;
			children = (
				1FCA7FF019D90B29004BC9B7 /* Web Comic ViewerTests-Info.plist */,
				1FCA7FF119D90B29004BC9B7 /* InfoPlist.strings */,
			);
			name = "Supporting Files";
			sourceTree = "<group>";
		};
/* End PBXGroup section */

/* Begin PBXNativeTarget section */
		1FCA7FC519D90B29004BC9B7 /* Web Comic Viewer */ = {
			isa = PBXNativeTarget;
			buildConfigurationList = 1FCA7FF819D90B29004BC9B7 /* Build configuration list for PBXNativeTarget "Web Comic Viewer" */;
			buildPhases = (
				1FCA7FC219D90B29004BC9B7 /* Sources */,
				1FCA7FC319D90B29004BC9B7 /* Frameworks */,
				1FCA7FC419D90B29004BC9B7 /* Resources */,
			);
			buildRules = (
			);
			dependencies = (
			);
			name = "Web Comic Viewer";
			productName = "Web Comic Viewer";
			productReference = 1FCA7FC619D90B29004BC9B7 /* Web Comic Viewer.app */;
			productType = "com.apple.product-type.application";
		};
		1FCA7FE619D90B29004BC9B7 /* Web Comic ViewerTests */ = {
			isa = PBXNativeTarget;
			buildConfigurationList = 1FCA7FFB19D90B29004BC9B7 /* Build configuration list for PBXNativeTarget "Web Comic ViewerTests" */;
			buildPhases = (
				1FCA7FE319D90B29004BC9B7 /* Sources */,
				1FCA7FE419D90B29004BC9B7 /* Frameworks */,
				1FCA7FE519D90B29004BC9B7 /* Resources */,
			);
			buildRules = (
			);
			dependencies = (
				1FCA7FED19D90B29004BC9B7 /* PBXTargetDependency */,
			);
			name = "Web Comic ViewerTests";
			productName = "Web Comic ViewerTests";
			productReference = 1FCA7FE719D90B29004BC9B7 /* Web Comic ViewerTests.xctest */;
			productType = "com.apple.product-type.bundle.unit-test";
		};
/* End PBXNativeTarget section */

/* Begin PBXProject section */
		1FCA7FBE19D90B29004BC9B7 /* Project object */ = {
			isa = PBXProject;
			attributes = {
				LastUpgradeCheck = 0510;
				ORGANIZATIONNAME = SidApps;
				TargetAttributes = {
					1FCA7FE619D90B29004BC9B7 = {
						TestTargetID = 1FCA7FC519D90B29004BC9B7;
					};
				};
			};
			buildConfigurationList = 1FCA7FC119D90B29004BC9B7 /* Build configuration list for PBXProject "Web Comic Viewer" */;
			compatibilityVersion = "Xcode 3.2";
			developmentRegion = English;
			hasScannedForEncodings = 0;
			knownRegions = (
				en,
				Base,
			);
			mainGroup = 1FCA7FBD19D90B29004BC9B7;
			productRefGroup = 1FCA7FC719D90B29004BC9B7 /* Products */;
			projectDirPath = "";
			projectRoot = "";
			targets = (
				1FCA7FC519D90B29004BC9B7 /* Web Comic Viewer */,
				1FCA7FE619D90B29004BC9B7 /* Web Comic ViewerTests */,
			);
		};
/* End PBXProject section */

/* Begin PBXResourcesBuildPhase section */
		1FCA7FC419D90B29004BC9B7 /* Resources */ = {
			isa = PBXResourcesBuildPhase;
			buildActionMask = 2147483647;
			files = (
				1FCA7FE219D90B29004BC9B7 /* Images.xcassets in Resources */,
				1FCA7FD419D90B29004BC9B7 /* InfoPlist.strings in Resources */,
				1FCA7FDD19D90B29004BC9B7 /* Main.storyboard in Resources */,
			);
			runOnlyForDeploymentPostprocessing = 0;
		};
		1FCA7FE519D90B29004BC9B7 /* Resources */ = {
			isa = PBXResourcesBuildPhase;
			buildActionMask = 2147483647;
			files = (
				1FCA7FF319D90B29004BC9B7 /* InfoPlist.strings in Resources */,
			);
			runOnlyForDeploymentPostprocessing = 0;
		};
/* End PBXResourcesBuildPhase section */

/* Begin PBXSourcesBuildPhase section */
		1FCA7FC219D90B29004BC9B7 /* Sources */ = {
			isa = PBXSourcesBuildPhase;
			buildActionMask = 2147483647;
			files = (
				1FCA7FE019D90B29004BC9B7 /* ViewController.m in Sources */,
				1FCA7FDA19D90B29004BC9B7 /* AppDelegate.m in Sources */,
				1FCA7FD619D90B29004BC9B7 /* main.m in Sources */,
			);
			runOnlyForDeploymentPostprocessing = 0;
		};
		1FCA7FE319D90B29004BC9B7 /* Sources */ = {
			isa = PBXSourcesBuildPhase;
			buildActionMask = 2147483647;
			files = (
				1FCA7FF519D90B29004BC9B7 /* Web_Comic_ViewerTests.m in Sources */,
			);
			runOnlyForDeploymentPostprocessing = 0;
		};
/* End PBXSourcesBuildPhase section */

/* Begin PBXTargetDependency section */
		1FCA7FED19D90B29004BC9B7 /* PBXTargetDependency */ = {
			isa = PBXTargetDependency;
			target = 1FCA7FC519D90B29004BC9B7 /* Web Comic Viewer */;
			targetProxy = 1FCA7FEC19D90B29004BC9B7 /* PBXContainerItemProxy */;
		};
/* End PBXTargetDependency section */

/* Begin PBXVariantGroup section */
		1FCA7FD219D90B29004BC9B7 /* InfoPlist.strings */ = {
			isa = PBXVariantGroup;
			children = (
				1FCA7FD319D90B29004BC9B7 /* en */,
			);
			name = InfoPlist.strings;
			sourceTree = "<group>";
		};
		1FCA7FDB19D90B29004BC9B7 /* Main.storyboard */ = {
			isa = PBXVariantGroup;
			children = (
				1FCA7FDC19D90B29004BC9B7 /* Base */,
			);
			name = Main.storyboard;
			sourceTree = "<group>";
		};
		1FCA7FF119D90B29004BC9B7 /* InfoPlist.strings */ = {
			isa = PBXVariantGroup;
			children = (
				1FCA7FF219D90B29004BC9B7 /* en */,
			);
			name = InfoPlist.strings;
			sourceTree = "<group>";
		};
/* End PBXVariantGroup section */

/* Begin XCBuildConfiguration section */
		1FCA7FF619D90B29004BC9B7 /* Debug */ = {
			isa = XCBuildConfiguration;
			buildSettings = {
				ALWAYS_SEARCH_USER_PATHS = NO;
				CLANG_CXX_LANGUAGE_STANDARD = "gnu++0x";
				CLANG_CXX_LIBRARY = "libc++";
				CLANG_ENABLE_MODULES = YES;
				CLANG_ENABLE_OBJC_ARC = YES;
				CLANG_WARN_BOOL_CONVERSION = YES;
				CLANG_WARN_CONSTANT_CONVERSION = YES;
				CLANG_WARN_DIRECT_OBJC_ISA_USAGE = YES_ERROR;
				CLANG_WARN_EMPTY_BODY = YES;
				CLANG_WARN_ENUM_CONVERSION = YES;
				CLANG_WARN_INT_CONVERSION = YES;
				CLANG_WARN_OBJC_ROOT_CLASS = YES_ERROR;
				CLANG_WARN__DUPLICATE_METHOD_MATCH = YES;
				"CODE_SIGN_IDENTITY[sdk=iphoneos*]" = "iPhone Developer";
				COPY_PHASE_STRIP = NO;
				GCC_C_LANGUAGE_STANDARD = gnu99;
				GCC_DYNAMIC_NO_PIC = NO;
				GCC_OPTIMIZATION_LEVEL = 0;
				GCC_PREPROCESSOR_DEFINITIONS = (
					"DEBUG=1",
					"$(inherited)",
				);
				GCC_SYMBOLS_PRIVATE_EXTERN = NO;
				GCC_WARN_64_TO_32_BIT_CONVERSION = YES;
				GCC_WARN_ABOUT_RETURN_TYPE = YES_ERROR;
				GCC_WARN_UNDECLARED_SELECTOR = YES;
				GCC_WARN_UNINITIALIZED_AUTOS = YES_AGGRESSIVE;
				GCC_WARN_UNUSED_FUNCTION = YES;
				GCC_WARN_UNUSED_VARIABLE = YES;
				IPHONEOS_DEPLOYMENT_TARGET = 7.1;
				ONLY_ACTIVE_ARCH = YES;
				SDKROOT = iphoneos;
			};
			name = Debug;
		};
		1FCA7FF719D90B29004BC9B7 /* Release */ = {
			isa = XCBuildConfiguration;
			buildSettings = {
				ALWAYS_SEARCH_USER_PATHS = NO;
				CLANG_CXX_LANGUAGE_STANDARD = "gnu++0x";
				CLANG_CXX_LIBRARY = "libc++";
				CLANG_ENABLE_MODULES = YES;
				CLANG_ENABLE_OBJC_ARC = YES;
				CLANG_WARN_BOOL_CONVERSION = YES;
				CLANG_WARN_CONSTANT_CONVERSION = YES;
				CLANG_WARN_DIRECT_OBJC_ISA_USAGE = YES_ERROR;
				CLANG_WARN_EMPTY_BODY = YES;
				CLANG_WARN_ENUM_CONVERSION = YES;
				CLANG_WARN_INT_CONVERSION = YES;
				CLANG_WARN_OBJC_ROOT_CLASS = YES_ERROR;
				CLANG_WARN__DUPLICATE_METHOD_MATCH = YES;
				"CODE_SIGN_IDENTITY[sdk=iphoneos*]" = "iPhone Developer";
				COPY_PHASE_STRIP = YES;
				ENABLE_NS_ASSERTIONS = NO;
				GCC_C_LANGUAGE_STANDARD = gnu99;
				GCC_WARN_64_TO_32_BIT_CONVERSION = YES;
				GCC_WARN_ABOUT_RETURN_TYPE = YES_ERROR;
				GCC_WARN_UNDECLARED_SELECTOR = YES;
				GCC_WARN_UNINITIALIZED_AUTOS = YES_AGGRESSIVE;
				GCC_WARN_UNUSED_FUNCTION = YES;
				GCC_WARN_UNUSED_VARIABLE = YES;
				IPHONEOS_DEPLOYMENT_TARGET = 7.1;
				SDKROOT = iphoneos;
				VALIDATE_PRODUCT = YES;
			};
			name = Release;
		};
		1FCA7FF919D90B29004BC9B7 /* Debug */ = {
			isa = XCBuildConfiguration;
			buildSettings = {
				ASSETCATALOG_COMPILER_APPICON_NAME = AppIcon;
				ASSETCATALOG_COMPILER_LAUNCHIMAGE_NAME = LaunchImage;
				GCC_PRECOMPILE_PREFIX_HEADER = YES;
				GCC_PREFIX_HEADER = "Web Comic Viewer/Web Comic Viewer-Prefix.pch";
				INFOPLIST_FILE = "Web Comic Viewer/Web Comic Viewer-Info.plist";
				PRODUCT_NAME = "$(TARGET_NAME)";
				WRAPPER_EXTENSION = app;
			};
			name = Debug;
		};
		1FCA7FFA19D90B29004BC9B7 /* Release */ = {
			isa = XCBuildConfiguration;
			buildSettings = {
				ASSETCATALOG_COMPILER_APPICON_NAME = AppIcon;
				ASSETCATALOG_COMPILER_LAUNCHIMAGE_NAME = LaunchImage;
				GCC_PRECOMPILE_PREFIX_HEADER = YES;
				GCC_PREFIX_HEADER = "Web Comic Viewer/Web Comic Viewer-Prefix.pch";
				INFOPLIST_FILE = "Web Comic Viewer/Web Comic Viewer-Info.plist";
				PRODUCT_NAME = "$(TARGET_NAME)";
				WRAPPER_EXTENSION = app;
			};
			name = Release;
		};
		1FCA7FFC19D90B29004BC9B7 /* Debug */ = {
			isa = XCBuildConfiguration;
			buildSettings = {
				BUNDLE_LOADER = "$(BUILT_PRODUCTS_DIR)/Web Comic Viewer.app/Web Comic Viewer";
				FRAMEWORK_SEARCH_PATHS = (
					"$(SDKROOT)/Developer/Library/Frameworks",
					"$(inherited)",
					"$(DEVELOPER_FRAMEWORKS_DIR)",
				);
				GCC_PRECOMPILE_PREFIX_HEADER = YES;
				GCC_PREFIX_HEADER = "Web Comic Viewer/Web Comic Viewer-Prefix.pch";
				GCC_PREPROCESSOR_DEFINITIONS = (
					"DEBUG=1",
					"$(inherited)",
				);
				INFOPLIST_FILE = "Web Comic ViewerTests/Web Comic ViewerTests-Info.plist";
				PRODUCT_NAME = "$(TARGET_NAME)";
				TEST_HOST = "$(BUNDLE_LOADER)";
				WRAPPER_EXTENSION = xctest;
			};
			name = Debug;
		};
		1FCA7FFD19D90B29004BC9B7 /* Release */ = {
			isa = XCBuildConfiguration;
			buildSettings = {
				BUNDLE_LOADER = "$(BUILT_PRODUCTS_DIR)/Web Comic Viewer.app/Web Comic Viewer";
				FRAMEWORK_SEARCH_PATHS = (
					"$(SDKROOT)/Developer/Library/Frameworks",
					"$(inherited)",
					"$(DEVELOPER_FRAMEWORKS_DIR)",
				);
				GCC_PRECOMPILE_PREFIX_HEADER = YES;
				GCC_PREFIX_HEADER = "Web Comic Viewer/Web Comic Viewer-Prefix.pch";
				INFOPLIST_FILE = "Web Comic ViewerTests/Web Comic ViewerTests-Info.plist";
				PRODUCT_NAME = "$(TARGET_NAME)";
				TEST_HOST = "$(BUNDLE_LOADER)";
				WRAPPER_EXTENSION = xctest;
			};
			name = Release;
		};
/* End XCBuildConfiguration section */

/* Begin XCConfigurationList section */
		1FCA7FC119D90B29004BC9B7 /* Build configuration list for PBXProject "Web Comic Viewer" */ = {
			isa = XCConfigurationList;
			buildConfigurations = (
				1FCA7FF619D90B29004BC9B7 /* Debug */,
				1FCA7FF719D90B29004BC9B7 /* Release */,
			);
			defaultConfigurationIsVisible = 0;
			defaultConfigurationName = Release;
		};
		1FCA7FF819D90B29004BC9B7 /* Build configuration list for PBXNativeTarget "Web Comic Viewer" */ = {
			isa = XCConfigurationList;
			buildConfigurations = (
				1FCA7FF919D90B29004BC9B7 /* Debug */,
				1FCA7FFA19D90B29004BC9B7 /* Release */,
			);
			defaultConfigurationIsVisible = 0;
			defaultConfigurationName = Release;
		};
		1FCA7FFB19D90B29004BC9B7 /* Build configuration list for PBXNativeTarget "Web Comic ViewerTests" */ = {
			isa = XCConfigurationList;
			buildConfigurations = (
				1FCA7FFC19D90B29004BC9B7 /* Debug */,
				1FCA7FFD19D90B29004BC9B7 /* Release */,
			);
			defaultConfigurationIsVisible = 0;
			defaultConfigurationName = Release;
		};
/* End XCConfigurationList section */
	};
	rootObject = 1FCA7FBE19D90B29004BC9B7 /* Project object */;
}
